
Microsoft Visual Studio Solution File, Format Version 12.00
# Visual Studio Version 17
VisualStudioVersion = 17.4.33205.214
MinimumVisualStudioVersion = 10.0.40219.1
Project("{FAE04EC0-301F-11D3-BF4B-00C04F79EFBC}") = "hangfire-webapi", "hangfire-webapi\hangfire-webapi.csproj", "{F9A3488E-E67A-4C74-A813-4E9085EFEAAF}"
EndProject
Global
	GlobalSection(SolutionConfigurationPlatforms) = preSolution
		Debug|Any CPU = Debug|Any CPU
		Release|Any CPU = Release|Any CPU
	EndGlobalSection
	GlobalSection(ProjectConfigurationPlatforms) = postSolution
		{F9A3488E-E67A-4C74-A813-4E9085EFEAAF}.Debug|Any CPU.ActiveCfg = Debug|Any CPU
		{F9A3488E-E67A-4C74-A813-4E9085EFEAAF}.Debug|Any CPU.Build.0 = Debug|Any CPU
		{F9A3488E-E67A-4C74-A813-4E9085EFEAAF}.Release|Any CPU.ActiveCfg = Release|Any CPU
		{F9A3488E-E67A-4C74-A813-4E9085EFEAAF}.Release|Any CPU.Build.0 = Release|Any CPU
	EndGlobalSection
	GlobalSection(SolutionProperties) = preSolution
		HideSolutionNode = FALSE
	EndGlobalSection
	GlobalSection(ExtensibilityGlobals) = postSolution
		SolutionGuid = {8B153B76-26A7-4F2C-8D7D-FA05E6080EFA}
	EndGlobalSection
EndGlobal
